
Microsoft Visual Studio Solution File, Format Version 12.00
# Visual Studio Version 16
VisualStudioVersion = 16.0.30503.244
MinimumVisualStudioVersion = 10.0.40219.1
Project("{FAE04EC0-301F-11D3-BF4B-00C04F79EFBC}") = "OnlineBookingMovieTicketsSystem", "OnlineBookingMovieTicketsSystem\OnlineBookingMovieTicketsSystem.csproj", "{39299C95-3AA3-4B97-99F8-2E6E11AF604D}"
EndProject
Global
	GlobalSection(SolutionConfigurationPlatforms) = preSolution
		Debug|Any CPU = Debug|Any CPU
		Release|Any CPU = Release|Any CPU
	EndGlobalSection
	GlobalSection(ProjectConfigurationPlatforms) = postSolution
		{39299C95-3AA3-4B97-99F8-2E6E11AF604D}.Debug|Any CPU.ActiveCfg = Debug|Any CPU
		{39299C95-3AA3-4B97-99F8-2E6E11AF604D}.Debug|Any CPU.Build.0 = Debug|Any CPU
		{39299C95-3AA3-4B97-99F8-2E6E11AF604D}.Release|Any CPU.ActiveCfg = Release|Any CPU
		{39299C95-3AA3-4B97-99F8-2E6E11AF604D}.Release|Any CPU.Build.0 = Release|Any CPU
	EndGlobalSection
	GlobalSection(SolutionProperties) = preSolution
		HideSolutionNode = FALSE
	EndGlobalSection
	GlobalSection(ExtensibilityGlobals) = postSolution
		SolutionGuid = {5134F61D-E7AD-4DD0-9B60-E3F91DE513F0}
	EndGlobalSection
EndGlobal
